
Microsoft Visual Studio Solution File, Format Version 12.00
# Visual Studio Version 17
VisualStudioVersion = 17.6.33723.286
MinimumVisualStudioVersion = 10.0.40219.1
Project("{FAE04EC0-301F-11D3-BF4B-00C04F79EFBC}") = "DapperCrud", "DapperCrud\DapperCrud.csproj", "{4841549B-BDA9-4F39-93C4-DF0AD5F37A47}"
EndProject
Global
	GlobalSection(SolutionConfigurationPlatforms) = preSolution
		Debug|Any CPU = Debug|Any CPU
		Release|Any CPU = Release|Any CPU
	EndGlobalSection
	GlobalSection(ProjectConfigurationPlatforms) = postSolution
		{4841549B-BDA9-4F39-93C4-DF0AD5F37A47}.Debug|Any CPU.ActiveCfg = Debug|Any CPU
		{4841549B-BDA9-4F39-93C4-DF0AD5F37A47}.Debug|Any CPU.Build.0 = Debug|Any CPU
		{4841549B-BDA9-4F39-93C4-DF0AD5F37A47}.Release|Any CPU.ActiveCfg = Release|Any CPU
		{4841549B-BDA9-4F39-93C4-DF0AD5F37A47}.Release|Any CPU.Build.0 = Release|Any CPU
	EndGlobalSection
	GlobalSection(SolutionProperties) = preSolution
		HideSolutionNode = FALSE
	EndGlobalSection
	GlobalSection(ExtensibilityGlobals) = postSolution
		SolutionGuid = {04A12CFF-A539-4937-8390-9C542F07D6EF}
	EndGlobalSection
EndGlobal
